
Microsoft Visual Studio Solution File, Format Version 12.00
# Visual Studio Version 17
VisualStudioVersion = 17.9.34728.123
MinimumVisualStudioVersion = 10.0.40219.1
Project("{FAE04EC0-301F-11D3-BF4B-00C04F79EFBC}") = "MorgageHouse-Link-Shortner.Server", "MorgageHouse-Link-Shortner.Server\MorgageHouse-Link-Shortner.Server.csproj", "{00E03E2B-4039-4F4E-AC0A-8E6165A9BE75}"
EndProject
Project("{54A90642-561A-4BB1-A94E-469ADEE60C69}") = "morgagehouse-link-shortner.client", "morgagehouse-link-shortner.client\morgagehouse-link-shortner.client.esproj", "{8437F4C0-1B9A-4701-A079-DA45AB69F876}"
EndProject
Global
	GlobalSection(SolutionConfigurationPlatforms) = preSolution
		Debug|Any CPU = Debug|Any CPU
		Release|Any CPU = Release|Any CPU
	EndGlobalSection
	GlobalSection(ProjectConfigurationPlatforms) = postSolution
		{00E03E2B-4039-4F4E-AC0A-8E6165A9BE75}.Debug|Any CPU.ActiveCfg = Debug|Any CPU
		{00E03E2B-4039-4F4E-AC0A-8E6165A9BE75}.Debug|Any CPU.Build.0 = Debug|Any CPU
		{00E03E2B-4039-4F4E-AC0A-8E6165A9BE75}.Release|Any CPU.ActiveCfg = Release|Any CPU
		{00E03E2B-4039-4F4E-AC0A-8E6165A9BE75}.Release|Any CPU.Build.0 = Release|Any CPU
		{8437F4C0-1B9A-4701-A079-DA45AB69F876}.Debug|Any CPU.ActiveCfg = Debug|Any CPU
		{8437F4C0-1B9A-4701-A079-DA45AB69F876}.Debug|Any CPU.Build.0 = Debug|Any CPU
		{8437F4C0-1B9A-4701-A079-DA45AB69F876}.Debug|Any CPU.Deploy.0 = Debug|Any CPU
		{8437F4C0-1B9A-4701-A079-DA45AB69F876}.Release|Any CPU.ActiveCfg = Release|Any CPU
		{8437F4C0-1B9A-4701-A079-DA45AB69F876}.Release|Any CPU.Build.0 = Release|Any CPU
		{8437F4C0-1B9A-4701-A079-DA45AB69F876}.Release|Any CPU.Deploy.0 = Release|Any CPU
	EndGlobalSection
	GlobalSection(SolutionProperties) = preSolution
		HideSolutionNode = FALSE
	EndGlobalSection
	GlobalSection(ExtensibilityGlobals) = postSolution
		SolutionGuid = {E06E362E-2598-4D6E-B060-053C5A1C4919}
	EndGlobalSection
EndGlobal
